
Microsoft Visual Studio Solution File, Format Version 12.00
# Visual Studio Version 17
VisualStudioVersion = 17.14.36414.22 d17.14
MinimumVisualStudioVersion = 10.0.40219.1
Project("{FAE04EC0-301F-11D3-BF4B-00C04F79EFBC}") = "PetHub.WebApiPortal", "PetHub.WebApiPortal\PetHub.WebApiPortal.csproj", "{39A27F95-7E0A-4251-83F2-7ED71E8EBA28}"
EndProject
Project("{FAE04EC0-301F-11D3-BF4B-00C04F79EFBC}") = "PetHub.Services", "PetHub.Services\PetHub.Services.csproj", "{E8A96AEB-67C1-4999-87D4-9A6E0D23698C}"
EndProject
Project("{FAE04EC0-301F-11D3-BF4B-00C04F79EFBC}") = "PetHub.Entities", "PetHub.Entities\PetHub.Entities.csproj", "{B58C1D0D-CF8B-4673-B4FF-3234BFB790A4}"
EndProject
Project("{FAE04EC0-301F-11D3-BF4B-00C04F79EFBC}") = "EssentialCore", "EssentialCore\EssentialCore.csproj", "{A2DD5592-DA2F-4B53-C9D1-6D26B2EF84C7}"
EndProject
Global
	GlobalSection(SolutionConfigurationPlatforms) = preSolution
		Debug|Any CPU = Debug|Any CPU
		Release|Any CPU = Release|Any CPU
	EndGlobalSection
	GlobalSection(ProjectConfigurationPlatforms) = postSolution
		{39A27F95-7E0A-4251-83F2-7ED71E8EBA28}.Debug|Any CPU.ActiveCfg = Debug|Any CPU
		{39A27F95-7E0A-4251-83F2-7ED71E8EBA28}.Debug|Any CPU.Build.0 = Debug|Any CPU
		{39A27F95-7E0A-4251-83F2-7ED71E8EBA28}.Release|Any CPU.ActiveCfg = Release|Any CPU
		{39A27F95-7E0A-4251-83F2-7ED71E8EBA28}.Release|Any CPU.Build.0 = Release|Any CPU
		{E8A96AEB-67C1-4999-87D4-9A6E0D23698C}.Debug|Any CPU.ActiveCfg = Debug|Any CPU
		{E8A96AEB-67C1-4999-87D4-9A6E0D23698C}.Debug|Any CPU.Build.0 = Debug|Any CPU
		{E8A96AEB-67C1-4999-87D4-9A6E0D23698C}.Release|Any CPU.ActiveCfg = Release|Any CPU
		{E8A96AEB-67C1-4999-87D4-9A6E0D23698C}.Release|Any CPU.Build.0 = Release|Any CPU
		{B58C1D0D-CF8B-4673-B4FF-3234BFB790A4}.Debug|Any CPU.ActiveCfg = Debug|Any CPU
		{B58C1D0D-CF8B-4673-B4FF-3234BFB790A4}.Debug|Any CPU.Build.0 = Debug|Any CPU
		{B58C1D0D-CF8B-4673-B4FF-3234BFB790A4}.Release|Any CPU.ActiveCfg = Release|Any CPU
		{B58C1D0D-CF8B-4673-B4FF-3234BFB790A4}.Release|Any CPU.Build.0 = Release|Any CPU
		{A2DD5592-DA2F-4B53-C9D1-6D26B2EF84C7}.Debug|Any CPU.ActiveCfg = Debug|Any CPU
		{A2DD5592-DA2F-4B53-C9D1-6D26B2EF84C7}.Debug|Any CPU.Build.0 = Debug|Any CPU
		{A2DD5592-DA2F-4B53-C9D1-6D26B2EF84C7}.Release|Any CPU.ActiveCfg = Release|Any CPU
		{A2DD5592-DA2F-4B53-C9D1-6D26B2EF84C7}.Release|Any CPU.Build.0 = Release|Any CPU
	EndGlobalSection
	GlobalSection(SolutionProperties) = preSolution
		HideSolutionNode = FALSE
	EndGlobalSection
	GlobalSection(ExtensibilityGlobals) = postSolution
		SolutionGuid = {6E0E3ACA-C9D0-4A9D-9903-A43B99E15D4B}
	EndGlobalSection
EndGlobal
